
Microsoft Visual Studio Solution File, Format Version 12.00
# Visual Studio Version 17
VisualStudioVersion = 17.13.35931.197 d17.13
MinimumVisualStudioVersion = 10.0.40219.1
Project("{FAE04EC0-301F-11D3-BF4B-00C04F79EFBC}") = "DAL", "DAL\DAL.csproj", "{C5CCF6C4-85F1-461A-8E56-91579C8131F5}"
EndProject
Project("{FAE04EC0-301F-11D3-BF4B-00C04F79EFBC}") = "BUS", "BUS\BUS.csproj", "{187B7989-5C94-4E70-B770-0F0EB143CB17}"
EndProject
Project("{FAE04EC0-301F-11D3-BF4B-00C04F79EFBC}") = "QLKS", "QLKS\QLKS.csproj", "{F2DFF11A-11C4-4836-95B9-B18A308C917D}"
EndProject
Global
	GlobalSection(SolutionConfigurationPlatforms) = preSolution
		Debug|Any CPU = Debug|Any CPU
		Release|Any CPU = Release|Any CPU
	EndGlobalSection
	GlobalSection(ProjectConfigurationPlatforms) = postSolution
		{C5CCF6C4-85F1-461A-8E56-91579C8131F5}.Debug|Any CPU.ActiveCfg = Debug|Any CPU
		{C5CCF6C4-85F1-461A-8E56-91579C8131F5}.Debug|Any CPU.Build.0 = Debug|Any CPU
		{C5CCF6C4-85F1-461A-8E56-91579C8131F5}.Release|Any CPU.ActiveCfg = Release|Any CPU
		{C5CCF6C4-85F1-461A-8E56-91579C8131F5}.Release|Any CPU.Build.0 = Release|Any CPU
		{187B7989-5C94-4E70-B770-0F0EB143CB17}.Debug|Any CPU.ActiveCfg = Debug|Any CPU
		{187B7989-5C94-4E70-B770-0F0EB143CB17}.Debug|Any CPU.Build.0 = Debug|Any CPU
		{187B7989-5C94-4E70-B770-0F0EB143CB17}.Release|Any CPU.ActiveCfg = Release|Any CPU
		{187B7989-5C94-4E70-B770-0F0EB143CB17}.Release|Any CPU.Build.0 = Release|Any CPU
		{F2DFF11A-11C4-4836-95B9-B18A308C917D}.Debug|Any CPU.ActiveCfg = Debug|Any CPU
		{F2DFF11A-11C4-4836-95B9-B18A308C917D}.Debug|Any CPU.Build.0 = Debug|Any CPU
		{F2DFF11A-11C4-4836-95B9-B18A308C917D}.Release|Any CPU.ActiveCfg = Release|Any CPU
		{F2DFF11A-11C4-4836-95B9-B18A308C917D}.Release|Any CPU.Build.0 = Release|Any CPU
	EndGlobalSection
	GlobalSection(SolutionProperties) = preSolution
		HideSolutionNode = FALSE
	EndGlobalSection
	GlobalSection(ExtensibilityGlobals) = postSolution
		SolutionGuid = {F410D25D-F052-4062-B1D0-4E4F0E421AEB}
	EndGlobalSection
EndGlobal
